Microsoft Visual Studio Solution File, Format Version 12.00
# Visual Studio Version 17
VisualStudioVersion = 17.5.2.0
MinimumVisualStudioVersion = 10.0.40219.1
Project("{FAE04EC0-301F-11D3-BF4B-00C04F79EFBC}") = "KrizicKruzic", "KrizicKruzic.csproj", "{BFAB6583-EE9A-67E0-201A-0DC826427E36}"
EndProject
Global
	GlobalSection(SolutionConfigurationPlatforms) = preSolution
		Debug|Any CPU = Debug|Any CPU
		Release|Any CPU = Release|Any CPU
	EndGlobalSection
	GlobalSection(ProjectConfigurationPlatforms) = postSolution
		{BFAB6583-EE9A-67E0-201A-0DC826427E36}.Debug|Any CPU.ActiveCfg = Debug|Any CPU
		{BFAB6583-EE9A-67E0-201A-0DC826427E36}.Debug|Any CPU.Build.0 = Debug|Any CPU
		{BFAB6583-EE9A-67E0-201A-0DC826427E36}.Release|Any CPU.ActiveCfg = Release|Any CPU
		{BFAB6583-EE9A-67E0-201A-0DC826427E36}.Release|Any CPU.Build.0 = Release|Any CPU
	EndGlobalSection
	GlobalSection(SolutionProperties) = preSolution
		HideSolutionNode = FALSE
	EndGlobalSection
	GlobalSection(ExtensibilityGlobals) = postSolution
		SolutionGuid = {66A0B975-7EC6-469C-85C2-93DF30B4C58D}
	EndGlobalSection
EndGlobal
